{
  "object": {
    "pins": [
      {
        "package": "Deluge",
        "repositoryURL": "ssh://git@git.jameshurst.me:10022/iOS/Deluge-Swift.git",
        "state": {
          "branch": "master",
          "revision": "39257bead65be6ff22f2890fa40f83205821cced",
          "version": null
        }
      }
    ]
  },
  "version": 1
}
