{
  "object": {
    "pins": [
      {
        "package": "Deluge",
        "repositoryURL": "ssh://git@git.jameshurst.me:10022/iOS/Deluge-Swift.git",
        "state": {
          "branch": "master",
          "revision": "306cad531f8cedc4e22bfefd71b55ca099fb723e",
          "version": null
        }
      }
    ]
  },
  "version": 1
}
