{
  "originHash" : "c1be1db395cb37d16753249510fd48c0730dbfc3d2979ceeb91d490692b29afb",
  "pins" : [
    {
      "identity" : "deluge-swift",
      "kind" : "remoteSourceControl",
      "location" : "https://github.com/NinjaLikesCheez/Deluge-Swift",
      "state" : {
        "revision" : "7aac9deb1d7c551c7207eb7da368b68c33a78456",
        "version" : "1.2.1"
      }
    },
    {
      "identity" : "observabledefaults",
      "kind" : "remoteSourceControl",
      "location" : "https://github.com/fatbobman/ObservableDefaults",
      "state" : {
        "revision" : "10e05251945124bb7e5048f6908cff8e6bf8e76f",
        "version" : "1.7.0"
      }
    },
    {
      "identity" : "qbittorrent-swift",
      "kind" : "remoteSourceControl",
      "location" : "https://github.com/NinjaLikesCheez/QBittorrent-Swift",
      "state" : {
        "revision" : "413e2c0aa7960991bec817e3f2121f43f58ce4a0",
        "version" : "0.0.2"
      }
    },
    {
      "identity" : "router",
      "kind" : "remoteSourceControl",
      "location" : "https://github.com/NinjaLikesCheez/Router",
      "state" : {
        "revision" : "35c17531da474ae49f7798e18a724fa4d923607d",
        "version" : "1.0.0"
      }
    },
    {
      "identity" : "swift-api-client",
      "kind" : "remoteSourceControl",
      "location" : "https://github.com/NinjaLikesCheez/swift-api-client",
      "state" : {
        "revision" : "c6ca809a7884c46f4ad6bcc9164ca7ecc8408114",
        "version" : "0.0.1"
      }
    },
    {
      "identity" : "swift-log",
      "kind" : "remoteSourceControl",
      "location" : "https://github.com/apple/swift-log",
      "state" : {
        "revision" : "ce592ae52f982c847a4efc0dd881cc9eb32d29f2",
        "version" : "1.6.4"
      }
    },
    {
      "identity" : "swift-syntax",
      "kind" : "remoteSourceControl",
      "location" : "https://github.com/swiftlang/swift-syntax",
      "state" : {
        "revision" : "f99ae8aa18f0cf0d53481901f88a0991dc3bd4a2",
        "version" : "601.0.1"
      }
    }
  ],
  "version" : 3
}
