{
  "originHash" : "815bb05bfc392de51060070dce4d6f43e38ce2d4940f976ac25f665f225a7d4c",
  "pins" : [
    {
      "identity" : "deluge-swift",
      "kind" : "remoteSourceControl",
      "location" : "https://github.com/NinjaLikesCheez/Deluge-Swift",
      "state" : {
        "revision" : "ca5b47cdc9b1c5f1e97724e034273a7d13edcf8c",
        "version" : "2.0.1"
      }
    },
    {
      "identity" : "observabledefaults",
      "kind" : "remoteSourceControl",
      "location" : "https://github.com/fatbobman/ObservableDefaults",
      "state" : {
        "revision" : "10e05251945124bb7e5048f6908cff8e6bf8e76f",
        "version" : "1.7.0"
      }
    },
    {
      "identity" : "qbittorrent-swift",
      "kind" : "remoteSourceControl",
      "location" : "https://github.com/NinjaLikesCheez/QBittorrent-Swift",
      "state" : {
        "revision" : "413e2c0aa7960991bec817e3f2121f43f58ce4a0",
        "version" : "0.0.2"
      }
    },
    {
      "identity" : "swift-api-client",
      "kind" : "remoteSourceControl",
      "location" : "https://github.com/NinjaLikesCheez/swift-api-client",
      "state" : {
        "revision" : "c6ca809a7884c46f4ad6bcc9164ca7ecc8408114",
        "version" : "0.0.1"
      }
    },
    {
      "identity" : "swift-case-paths",
      "kind" : "remoteSourceControl",
      "location" : "https://github.com/pointfreeco/swift-case-paths",
      "state" : {
        "revision" : "794f4b0a9cf32042592388d014f6a1ea987d323a",
        "version" : "1.9.1"
      }
    },
    {
      "identity" : "swift-custom-dump",
      "kind" : "remoteSourceControl",
      "location" : "https://github.com/pointfreeco/swift-custom-dump",
      "state" : {
        "revision" : "a8cd6c976f335ed361dcecddb0dc39ebda51bc3e",
        "version" : "1.6.1"
      }
    },
    {
      "identity" : "swift-log",
      "kind" : "remoteSourceControl",
      "location" : "https://github.com/apple/swift-log",
      "state" : {
        "revision" : "ce592ae52f982c847a4efc0dd881cc9eb32d29f2",
        "version" : "1.6.4"
      }
    },
    {
      "identity" : "swift-navigation",
      "kind" : "remoteSourceControl",
      "location" : "https://github.com/pointfreeco/swift-navigation",
      "state" : {
        "revision" : "fad75807c596fecd724b0fc81cd61c94008faad4",
        "version" : "2.10.3"
      }
    },
    {
      "identity" : "swift-perception",
      "kind" : "remoteSourceControl",
      "location" : "https://github.com/pointfreeco/swift-perception",
      "state" : {
        "revision" : "de219a1cf34e958134e75a9ebb134cf09bf52fc6",
        "version" : "2.0.11"
      }
    },
    {
      "identity" : "swift-syntax",
      "kind" : "remoteSourceControl",
      "location" : "https://github.com/swiftlang/swift-syntax",
      "state" : {
        "revision" : "f99ae8aa18f0cf0d53481901f88a0991dc3bd4a2",
        "version" : "601.0.1"
      }
    },
    {
      "identity" : "xctest-dynamic-overlay",
      "kind" : "remoteSourceControl",
      "location" : "https://github.com/pointfreeco/xctest-dynamic-overlay",
      "state" : {
        "revision" : "8f6abcf4c8950e2679d5b2fee4ca284fd7c34886",
        "version" : "1.11.0"
      }
    }
  ],
  "version" : 3
}
