{
  "originHash" : "51ad9d657d7cd0a8dd385133c4148db34e4f7fb2ff5f29e3de03a1e8af2b1d34",
  "pins" : [
    {
      "identity" : "deluge-swift",
      "kind" : "remoteSourceControl",
      "location" : "https://github.com/NinjaLikesCheez/Deluge-Swift",
      "state" : {
        "revision" : "7aac9deb1d7c551c7207eb7da368b68c33a78456",
        "version" : "1.2.1"
      }
    },
    {
      "identity" : "observabledefaults",
      "kind" : "remoteSourceControl",
      "location" : "https://github.com/fatbobman/ObservableDefaults/",
      "state" : {
        "revision" : "9927d8208366420c960672c735b48eee3f500c68",
        "version" : "1.6.0"
      }
    },
    {
      "identity" : "qbittorrent-swift",
      "kind" : "remoteSourceControl",
      "location" : "https://github.com/NinjaLikesCheez/QBittorrent-Swift",
      "state" : {
        "revision" : "413e2c0aa7960991bec817e3f2121f43f58ce4a0",
        "version" : "0.0.2"
      }
    },
    {
      "identity" : "swift-api-client",
      "kind" : "remoteSourceControl",
      "location" : "https://github.com/NinjaLikesCheez/swift-api-client",
      "state" : {
        "revision" : "c6ca809a7884c46f4ad6bcc9164ca7ecc8408114",
        "version" : "0.0.1"
      }
    },
    {
      "identity" : "swift-log",
      "kind" : "remoteSourceControl",
      "location" : "https://github.com/apple/swift-log",
      "state" : {
        "revision" : "ce592ae52f982c847a4efc0dd881cc9eb32d29f2",
        "version" : "1.6.4"
      }
    },
    {
      "identity" : "swift-syntax",
      "kind" : "remoteSourceControl",
      "location" : "https://github.com/swiftlang/swift-syntax",
      "state" : {
        "revision" : "f99ae8aa18f0cf0d53481901f88a0991dc3bd4a2",
        "version" : "601.0.1"
      }
    }
  ],
  "version" : 3
}
