// !$*UTF8*$!
{
	archiveVersion = 1;
	classes = {
	};
	objectVersion = 52;
	objects = {

/* Begin PBXBuildFile section */
		E90366DC23AAB3BD00C6AB46 /* TorrentListViewController.swift in Sources */ = {isa = PBXBuildFile; fileRef = E90366DB23AAB3BD00C6AB46 /* TorrentListViewController.swift */; };
		E90366DF23AAB46400C6AB46 /* TorrentTableViewCell.swift in Sources */ = {isa = PBXBuildFile; fileRef = E90366DE23AAB46400C6AB46 /* TorrentTableViewCell.swift */; };
		E90366E223AAC45600C6AB46 /* NSLayoutConstraint+Priority.swift in Sources */ = {isa = PBXBuildFile; fileRef = E90366E123AAC45600C6AB46 /* NSLayoutConstraint+Priority.swift */; };
		E9091D3423E25F580034C353 /* SettingsViewModelTests.swift in Sources */ = {isa = PBXBuildFile; fileRef = E9091D3323E25F580034C353 /* SettingsViewModelTests.swift */; };
		E9091D3623E268310034C353 /* AddServerViewModelTests.swift in Sources */ = {isa = PBXBuildFile; fileRef = E9091D3523E268310034C353 /* AddServerViewModelTests.swift */; };
		E9091D3823E2698B0034C353 /* DelugeSettingsViewModelTests.swift in Sources */ = {isa = PBXBuildFile; fileRef = E9091D3723E2698B0034C353 /* DelugeSettingsViewModelTests.swift */; };
		E90DC4F223CEBE4100FB53E6 /* Server+TorrentListViewModel.swift in Sources */ = {isa = PBXBuildFile; fileRef = E90DC4F123CEBE4100FB53E6 /* Server+TorrentListViewModel.swift */; };
		E90DC4F623CEC0AD00FB53E6 /* SettingsViewController.swift in Sources */ = {isa = PBXBuildFile; fileRef = E90DC4F523CEC0AD00FB53E6 /* SettingsViewController.swift */; };
		E90DC4FA23CEC6A100FB53E6 /* SettingsViewModel.swift in Sources */ = {isa = PBXBuildFile; fileRef = E90DC4F923CEC6A100FB53E6 /* SettingsViewModel.swift */; };
		E913FD8623DFD65E008179F1 /* DelugeKeychainData.swift in Sources */ = {isa = PBXBuildFile; fileRef = E913FD8523DFD65E008179F1 /* DelugeKeychainData.swift */; };
		E913FD8A23DFD683008179F1 /* TransmissionKeychainData.swift in Sources */ = {isa = PBXBuildFile; fileRef = E913FD8923DFD683008179F1 /* TransmissionKeychainData.swift */; };
		E9282C8923CC170900776CD3 /* Preferences in Frameworks */ = {isa = PBXBuildFile; productRef = E9282C8823CC170900776CD3 /* Preferences */; };
		E9282C8F23CC1C4100776CD3 /* ServerSettingsViewController.swift in Sources */ = {isa = PBXBuildFile; fileRef = E9282C8E23CC1C4100776CD3 /* ServerSettingsViewController.swift */; };
		E9282C9123CC1CBD00776CD3 /* TextInputTableViewCell.swift in Sources */ = {isa = PBXBuildFile; fileRef = E9282C9023CC1CBD00776CD3 /* TextInputTableViewCell.swift */; };
		E928F00623AC340B006BD6BD /* TorrentDetailViewController.swift in Sources */ = {isa = PBXBuildFile; fileRef = E928F00523AC340B006BD6BD /* TorrentDetailViewController.swift */; };
		E93A3D5B23AC52ED007BBD63 /* PreviewViewContainer.swift in Sources */ = {isa = PBXBuildFile; fileRef = E93A3D5A23AC52ED007BBD63 /* PreviewViewContainer.swift */; };
		E93F5D6323BA85CC00B0FFA4 /* UIImage+Color.swift in Sources */ = {isa = PBXBuildFile; fileRef = E93F5D6223BA85CC00B0FFA4 /* UIImage+Color.swift */; };
		E93F5D6523BA93F200B0FFA4 /* TorrentDetailFileViewModelBase.swift in Sources */ = {isa = PBXBuildFile; fileRef = E93F5D6423BA93F200B0FFA4 /* TorrentDetailFileViewModelBase.swift */; };
		E93F5D6D23BA9BD200B0FFA4 /* TorrentDetailFileTableViewCell.swift in Sources */ = {isa = PBXBuildFile; fileRef = E93F5D6C23BA9BD200B0FFA4 /* TorrentDetailFileTableViewCell.swift */; };
		E9460D1D237BB3B100A08E68 /* TorrentListViewModelBase.swift in Sources */ = {isa = PBXBuildFile; fileRef = E9460D1C237BB3B100A08E68 /* TorrentListViewModelBase.swift */; };
		E9472CAA23DCCE1D00D5CCDD /* MockDelugeRefresher.swift in Sources */ = {isa = PBXBuildFile; fileRef = E9472CA923DCCE1D00D5CCDD /* MockDelugeRefresher.swift */; };
		E94ACA54237B35E60082B1A6 /* TorrentListItemViewModelBase.swift in Sources */ = {isa = PBXBuildFile; fileRef = E94ACA53237B35E60082B1A6 /* TorrentListItemViewModelBase.swift */; };
		E94C28A223D14976006F26D2 /* PopoverSource.swift in Sources */ = {isa = PBXBuildFile; fileRef = E99FC26623D1482F0019A992 /* PopoverSource.swift */; };
		E94C28A423D14D13006F26D2 /* SettingsCoordinator.swift in Sources */ = {isa = PBXBuildFile; fileRef = E94C28A323D14D13006F26D2 /* SettingsCoordinator.swift */; };
		E94C28A623D1546B006F26D2 /* Alert+ViewController.swift in Sources */ = {isa = PBXBuildFile; fileRef = E94C28A523D1546B006F26D2 /* Alert+ViewController.swift */; };
		E94C28A823D157D4006F26D2 /* AddServerCoordinator.swift in Sources */ = {isa = PBXBuildFile; fileRef = E94C28A723D157D4006F26D2 /* AddServerCoordinator.swift */; };
		E95127FC23D7F3C7000EF582 /* MockDelugeClient.swift in Sources */ = {isa = PBXBuildFile; fileRef = E95127FB23D7F3C7000EF582 /* MockDelugeClient.swift */; };
		E951873423C80FC00060636A /* Preferences+Servers.swift in Sources */ = {isa = PBXBuildFile; fileRef = E951873323C80FC00060636A /* Preferences+Servers.swift */; };
		E959FA9E23AC3D3C002CB8F8 /* TorrentDetailHeaderTableViewCell.swift in Sources */ = {isa = PBXBuildFile; fileRef = E959FA9D23AC3D3C002CB8F8 /* TorrentDetailHeaderTableViewCell.swift */; };
		E95BB40423CA404C002F0520 /* PreferenceKeys.swift in Sources */ = {isa = PBXBuildFile; fileRef = E95BB40323CA404C002F0520 /* PreferenceKeys.swift */; };
		E95C4D9523E3CD9600202CAA /* Publishers+AsOptional.swift in Sources */ = {isa = PBXBuildFile; fileRef = E95C4D9423E3CD9600202CAA /* Publishers+AsOptional.swift */; };
		E95C4D9723E3D20B00202CAA /* FilterOptions.swift in Sources */ = {isa = PBXBuildFile; fileRef = E95C4D9623E3D20B00202CAA /* FilterOptions.swift */; };
		E95C4D9923E3DB5600202CAA /* FilterCoordinator.swift in Sources */ = {isa = PBXBuildFile; fileRef = E95C4D9823E3DB5600202CAA /* FilterCoordinator.swift */; };
		E95C4D9B23E3DE0000202CAA /* FilterViewController.swift in Sources */ = {isa = PBXBuildFile; fileRef = E95C4D9A23E3DE0000202CAA /* FilterViewController.swift */; };
		E9624D2B23D1FF080051EA99 /* Session.swift in Sources */ = {isa = PBXBuildFile; fileRef = E9624D2A23D1FF080051EA99 /* Session.swift */; };
		E9624D2D23D204AA0051EA99 /* DefaultSessionTests.swift in Sources */ = {isa = PBXBuildFile; fileRef = E9624D2C23D204AA0051EA99 /* DefaultSessionTests.swift */; };
		E9624D3E23D236130051EA99 /* TransmissionSettingsViewModel.swift in Sources */ = {isa = PBXBuildFile; fileRef = E9624D3D23D236130051EA99 /* TransmissionSettingsViewModel.swift */; };
		E9624D4023D2368A0051EA99 /* TransmissionServerSettings.swift in Sources */ = {isa = PBXBuildFile; fileRef = E9624D3F23D2368A0051EA99 /* TransmissionServerSettings.swift */; };
		E9624D4323D23A2B0051EA99 /* ServerSettingsViewModelBase.swift in Sources */ = {isa = PBXBuildFile; fileRef = E9624D4223D23A2B0051EA99 /* ServerSettingsViewModelBase.swift */; };
		E96B0065237A43740091FA71 /* AppDelegate.swift in Sources */ = {isa = PBXBuildFile; fileRef = E96B0064237A43740091FA71 /* AppDelegate.swift */; };
		E96B0067237A43740091FA71 /* SceneDelegate.swift in Sources */ = {isa = PBXBuildFile; fileRef = E96B0066237A43740091FA71 /* SceneDelegate.swift */; };
		E96B006B237A43760091FA71 /* Assets.xcassets in Resources */ = {isa = PBXBuildFile; fileRef = E96B006A237A43760091FA71 /* Assets.xcassets */; };
		E96B0071237A43760091FA71 /* LaunchScreen.storyboard in Resources */ = {isa = PBXBuildFile; fileRef = E96B006F237A43760091FA71 /* LaunchScreen.storyboard */; };
		E96B007F237A473E0091FA71 /* TorrentState.swift in Sources */ = {isa = PBXBuildFile; fileRef = E96B007E237A473E0091FA71 /* TorrentState.swift */; };
		E96B724F23D39368005E8E89 /* Transmission.swift in Sources */ = {isa = PBXBuildFile; fileRef = E96B724E23D39368005E8E89 /* Transmission.swift */; };
		E96B725123D3937B005E8E89 /* Transmission in Frameworks */ = {isa = PBXBuildFile; productRef = E96B725023D3937B005E8E89 /* Transmission */; };
		E97233F723CFE3FA00038D30 /* ButtonTableViewCell.swift in Sources */ = {isa = PBXBuildFile; fileRef = E97233F623CFE3FA00038D30 /* ButtonTableViewCell.swift */; };
		E97233FC23CFF9C300038D30 /* AddServerViewController.swift in Sources */ = {isa = PBXBuildFile; fileRef = E97233FB23CFF9C300038D30 /* AddServerViewController.swift */; };
		E9746DF323B5B0B000F2EBC6 /* TorrentDetailTrackerTableViewCell.swift in Sources */ = {isa = PBXBuildFile; fileRef = E9746DF223B5B0B000F2EBC6 /* TorrentDetailTrackerTableViewCell.swift */; };
		E976FA44237E3647006B9DA9 /* ByteFormatter.swift in Sources */ = {isa = PBXBuildFile; fileRef = E976FA43237E3647006B9DA9 /* ByteFormatter.swift */; };
		E97750EA23D1686F00264638 /* SettingsSection.swift in Sources */ = {isa = PBXBuildFile; fileRef = E97750E923D1686F00264638 /* SettingsSection.swift */; };
		E97750ED23D1688500264638 /* SettingsItem.swift in Sources */ = {isa = PBXBuildFile; fileRef = E97750EC23D1688500264638 /* SettingsItem.swift */; };
		E9786AF623D38D5600E4157E /* Deluge.swift in Sources */ = {isa = PBXBuildFile; fileRef = E9786AF523D38D5600E4157E /* Deluge.swift */; };
		E9786AF823D38E6200E4157E /* Deluge in Frameworks */ = {isa = PBXBuildFile; productRef = E9786AF723D38E6200E4157E /* Deluge */; };
		E97B543123B51892006FFCC9 /* TorrentDetailSectionHeaderView.swift in Sources */ = {isa = PBXBuildFile; fileRef = E97B543023B51892006FFCC9 /* TorrentDetailSectionHeaderView.swift */; };
		E97D971023C6A32B005FD8F3 /* DelugeRefreshable.swift in Sources */ = {isa = PBXBuildFile; fileRef = E97D970F23C6A32B005FD8F3 /* DelugeRefreshable.swift */; };
		E97D971623C6B286005FD8F3 /* DelugeTorrentFileViewModel.swift in Sources */ = {isa = PBXBuildFile; fileRef = E97D971523C6B286005FD8F3 /* DelugeTorrentFileViewModel.swift */; };
		E97DAD8A23CE265100F3E888 /* TransmissionTorrentListViewModel.swift in Sources */ = {isa = PBXBuildFile; fileRef = E97DAD8923CE265100F3E888 /* TransmissionTorrentListViewModel.swift */; };
		E97DAD8C23CE269900F3E888 /* TransmissionTorrentListItemViewModel.swift in Sources */ = {isa = PBXBuildFile; fileRef = E97DAD8B23CE269900F3E888 /* TransmissionTorrentListItemViewModel.swift */; };
		E9801EF223D37E1400181FFD /* TorrentSortTests.swift in Sources */ = {isa = PBXBuildFile; fileRef = E9801EF123D37E1400181FFD /* TorrentSortTests.swift */; };
		E9801EF723D37FC200181FFD /* AlertPresenter.swift in Sources */ = {isa = PBXBuildFile; fileRef = E9801EF623D37FC200181FFD /* AlertPresenter.swift */; };
		E98D935F23D2474B0013A1E1 /* MockPreferences.swift in Sources */ = {isa = PBXBuildFile; fileRef = E98D935E23D2474B0013A1E1 /* MockPreferences.swift */; };
		E98D936123D2845D0013A1E1 /* CurrentValueSubjectMapManager.swift in Sources */ = {isa = PBXBuildFile; fileRef = E98D936023D2845D0013A1E1 /* CurrentValueSubjectMapManager.swift */; };
		E98D936323D2849E0013A1E1 /* TorrentSortUtil.swift in Sources */ = {isa = PBXBuildFile; fileRef = E98D936223D2849E0013A1E1 /* TorrentSortUtil.swift */; };
		E9999A8323BAE1BD00E8309D /* Publishers+UI.swift in Sources */ = {isa = PBXBuildFile; fileRef = E9999A8223BAE1BD00E8309D /* Publishers+UI.swift */; };
		E99FC25823D13A340019A992 /* TorrentListCoordinator.swift in Sources */ = {isa = PBXBuildFile; fileRef = E99FC25723D13A340019A992 /* TorrentListCoordinator.swift */; };
		E99FC25A23D13C270019A992 /* AppCoordinator.swift in Sources */ = {isa = PBXBuildFile; fileRef = E99FC25923D13C270019A992 /* AppCoordinator.swift */; };
		E99FC26023D1479E0019A992 /* Alert.swift in Sources */ = {isa = PBXBuildFile; fileRef = E99FC25D23D1479E0019A992 /* Alert.swift */; };
		E99FC26223D1479E0019A992 /* AlertAction.swift in Sources */ = {isa = PBXBuildFile; fileRef = E99FC25E23D1479E0019A992 /* AlertAction.swift */; };
		E99FC26823D148CC0019A992 /* TorrentDetailCoordinator.swift in Sources */ = {isa = PBXBuildFile; fileRef = E99FC26723D148CC0019A992 /* TorrentDetailCoordinator.swift */; };
		E9A0BD9323D0040300AEC254 /* AddServerViewModel.swift in Sources */ = {isa = PBXBuildFile; fileRef = E9A0BD9223D0040300AEC254 /* AddServerViewModel.swift */; };
		E9AE9E5623D695120018D180 /* DelugeTorrentTests.swift in Sources */ = {isa = PBXBuildFile; fileRef = E9AE9E5523D695120018D180 /* DelugeTorrentTests.swift */; };
		E9AE9E5823D695BD0018D180 /* Deluge+Mocks.swift in Sources */ = {isa = PBXBuildFile; fileRef = E9AE9E5723D695BD0018D180 /* Deluge+Mocks.swift */; };
		E9B3457523C82992001F14BD /* ServerPreferencesTests.swift in Sources */ = {isa = PBXBuildFile; fileRef = E9B3457423C82992001F14BD /* ServerPreferencesTests.swift */; };
		E9B40E8E23B3FCEB009E30AE /* TorrentDetailItem.swift in Sources */ = {isa = PBXBuildFile; fileRef = E9B40E8D23B3FCEB009E30AE /* TorrentDetailItem.swift */; };
		E9B40E9023B3FD64009E30AE /* TorrentDetailSection.swift in Sources */ = {isa = PBXBuildFile; fileRef = E9B40E8F23B3FD64009E30AE /* TorrentDetailSection.swift */; };
		E9B40E9223B3FDA0009E30AE /* TorrentDetailHeaderViewModelBase.swift in Sources */ = {isa = PBXBuildFile; fileRef = E9B40E9123B3FDA0009E30AE /* TorrentDetailHeaderViewModelBase.swift */; };
		E9B40EA223B4057C009E30AE /* TorrentDetailInfoTableViewCell.swift in Sources */ = {isa = PBXBuildFile; fileRef = E9B40EA123B4057C009E30AE /* TorrentDetailInfoTableViewCell.swift */; };
		E9B7D5C523D15ECD0025FFA8 /* ServerSettingsCoordinator.swift in Sources */ = {isa = PBXBuildFile; fileRef = E9B7D5C423D15ECD0025FFA8 /* ServerSettingsCoordinator.swift */; };
		E9C39AE023CC27A800BB3556 /* TextInputTableViewCellViewModel.swift in Sources */ = {isa = PBXBuildFile; fileRef = E9C39ADF23CC27A800BB3556 /* TextInputTableViewCellViewModel.swift */; };
		E9C8258223C5775B003B1D72 /* DelugeTorrentListItemViewModel.swift in Sources */ = {isa = PBXBuildFile; fileRef = E9C8258123C5775B003B1D72 /* DelugeTorrentListItemViewModel.swift */; };
		E9C8258423C5787E003B1D72 /* TorrentExt.swift in Sources */ = {isa = PBXBuildFile; fileRef = E9C8258323C5787E003B1D72 /* TorrentExt.swift */; };
		E9C8258623C579E9003B1D72 /* DelugeTorrentListViewModel.swift in Sources */ = {isa = PBXBuildFile; fileRef = E9C8258523C579E9003B1D72 /* DelugeTorrentListViewModel.swift */; };
		E9C8258823C57E47003B1D72 /* SortOption.swift in Sources */ = {isa = PBXBuildFile; fileRef = E9C8258723C57E47003B1D72 /* SortOption.swift */; };
		E9C8258E23C58509003B1D72 /* DelugeTorrentDetailViewModel.swift in Sources */ = {isa = PBXBuildFile; fileRef = E9C8258D23C58509003B1D72 /* DelugeTorrentDetailViewModel.swift */; };
		E9C8259023C58526003B1D72 /* DelugeTorrentDetailHeaderViewModel.swift in Sources */ = {isa = PBXBuildFile; fileRef = E9C8258F23C58526003B1D72 /* DelugeTorrentDetailHeaderViewModel.swift */; };
		E9CA717E23E28CCF0072522B /* MVVM in Frameworks */ = {isa = PBXBuildFile; productRef = E9CA717D23E28CCF0072522B /* MVVM */; };
		E9CE4C3423B453BE001D1C63 /* DateFormatters.swift in Sources */ = {isa = PBXBuildFile; fileRef = E9CE4C3323B453BE001D1C63 /* DateFormatters.swift */; };
		E9CF491F23E3B18200026723 /* FilterViewModel.swift in Sources */ = {isa = PBXBuildFile; fileRef = E9CF491E23E3B18200026723 /* FilterViewModel.swift */; };
		E9CF492123E3B82000026723 /* PreviewViewModel.swift in Sources */ = {isa = PBXBuildFile; fileRef = E9CF492023E3B82000026723 /* PreviewViewModel.swift */; };
		E9DF151423D4085500FB9F4D /* DelugeTorrentListItemViewModelTests.swift in Sources */ = {isa = PBXBuildFile; fileRef = E9DF151323D4085500FB9F4D /* DelugeTorrentListItemViewModelTests.swift */; };
		E9E411B523D932EE00A7EFED /* DelugeTorrentDetailViewModelTests.swift in Sources */ = {isa = PBXBuildFile; fileRef = E9E411B423D932EE00A7EFED /* DelugeTorrentDetailViewModelTests.swift */; };
		E9E411B723D933AD00A7EFED /* DelugeTorrentListViewModelTests.swift in Sources */ = {isa = PBXBuildFile; fileRef = E9E411B623D933AD00A7EFED /* DelugeTorrentListViewModelTests.swift */; };
		E9E9F0F423807044007C6D2D /* TorrentDetailViewModelBase.swift in Sources */ = {isa = PBXBuildFile; fileRef = E9E9F0F323807044007C6D2D /* TorrentDetailViewModelBase.swift */; };
		E9F24E0B23CE3B160089E45F /* DelugeSettingsViewModel.swift in Sources */ = {isa = PBXBuildFile; fileRef = E9F24E0A23CE3B160089E45F /* DelugeSettingsViewModel.swift */; };
		E9F24E0D23CE4E1F0089E45F /* EmptyTorrentListViewModel.swift in Sources */ = {isa = PBXBuildFile; fileRef = E9F24E0C23CE4E1F0089E45F /* EmptyTorrentListViewModel.swift */; };
		E9F24E0F23CE4ECB0089E45F /* DelugeServerSettings.swift in Sources */ = {isa = PBXBuildFile; fileRef = E9F24E0E23CE4ECB0089E45F /* DelugeServerSettings.swift */; };
		E9F24E1223CE55180089E45F /* PreviewPreferences.swift in Sources */ = {isa = PBXBuildFile; fileRef = E9F24E1123CE55180089E45F /* PreviewPreferences.swift */; };
		E9F4002423DE92490016B9C3 /* DelugeTorrentDetailHeaderViewModelTests.swift in Sources */ = {isa = PBXBuildFile; fileRef = E9F4002323DE92490016B9C3 /* DelugeTorrentDetailHeaderViewModelTests.swift */; };
/* End PBXBuildFile section */

/* Begin PBXContainerItemProxy section */
		E9CC160E23AD5CD400EA1B4C /* PBXContainerItemProxy */ = {
			isa = PBXContainerItemProxy;
			containerPortal = E96B0059237A43740091FA71 /* Project object */;
			proxyType = 1;
			remoteGlobalIDString = E96B0060237A43740091FA71;
			remoteInfo = Magnesium;
		};
/* End PBXContainerItemProxy section */

/* Begin PBXFileReference section */
		E90366DB23AAB3BD00C6AB46 /* TorrentListViewController.swift */ = {isa = PBXFileReference; lastKnownFileType = sourcecode.swift; path = TorrentListViewController.swift; sourceTree = "<group>"; };
		E90366DE23AAB46400C6AB46 /* TorrentTableViewCell.swift */ = {isa = PBXFileReference; lastKnownFileType = sourcecode.swift; path = TorrentTableViewCell.swift; sourceTree = "<group>"; };
		E90366E123AAC45600C6AB46 /* NSLayoutConstraint+Priority.swift */ = {isa = PBXFileReference; lastKnownFileType = sourcecode.swift; path = "NSLayoutConstraint+Priority.swift"; sourceTree = "<group>"; };
		E9091D3323E25F580034C353 /* SettingsViewModelTests.swift */ = {isa = PBXFileReference; lastKnownFileType = sourcecode.swift; path = SettingsViewModelTests.swift; sourceTree = "<group>"; };
		E9091D3523E268310034C353 /* AddServerViewModelTests.swift */ = {isa = PBXFileReference; lastKnownFileType = sourcecode.swift; path = AddServerViewModelTests.swift; sourceTree = "<group>"; };
		E9091D3723E2698B0034C353 /* DelugeSettingsViewModelTests.swift */ = {isa = PBXFileReference; lastKnownFileType = sourcecode.swift; path = DelugeSettingsViewModelTests.swift; sourceTree = "<group>"; };
		E90DC4F123CEBE4100FB53E6 /* Server+TorrentListViewModel.swift */ = {isa = PBXFileReference; lastKnownFileType = sourcecode.swift; path = "Server+TorrentListViewModel.swift"; sourceTree = "<group>"; };
		E90DC4F523CEC0AD00FB53E6 /* SettingsViewController.swift */ = {isa = PBXFileReference; lastKnownFileType = sourcecode.swift; path = SettingsViewController.swift; sourceTree = "<group>"; };
		E90DC4F923CEC6A100FB53E6 /* SettingsViewModel.swift */ = {isa = PBXFileReference; lastKnownFileType = sourcecode.swift; path = SettingsViewModel.swift; sourceTree = "<group>"; };
		E913FD8523DFD65E008179F1 /* DelugeKeychainData.swift */ = {isa = PBXFileReference; lastKnownFileType = sourcecode.swift; path = DelugeKeychainData.swift; sourceTree = "<group>"; };
		E913FD8923DFD683008179F1 /* TransmissionKeychainData.swift */ = {isa = PBXFileReference; lastKnownFileType = sourcecode.swift; path = TransmissionKeychainData.swift; sourceTree = "<group>"; };
		E9282C8723CC16FF00776CD3 /* Preferences */ = {isa = PBXFileReference; lastKnownFileType = folder; path = Preferences; sourceTree = "<group>"; };
		E9282C8E23CC1C4100776CD3 /* ServerSettingsViewController.swift */ = {isa = PBXFileReference; lastKnownFileType = sourcecode.swift; path = ServerSettingsViewController.swift; sourceTree = "<group>"; };
		E9282C9023CC1CBD00776CD3 /* TextInputTableViewCell.swift */ = {isa = PBXFileReference; lastKnownFileType = sourcecode.swift; path = TextInputTableViewCell.swift; sourceTree = "<group>"; };
		E928F00523AC340B006BD6BD /* TorrentDetailViewController.swift */ = {isa = PBXFileReference; lastKnownFileType = sourcecode.swift; path = TorrentDetailViewController.swift; sourceTree = "<group>"; };
		E93A3D5A23AC52ED007BBD63 /* PreviewViewContainer.swift */ = {isa = PBXFileReference; lastKnownFileType = sourcecode.swift; path = PreviewViewContainer.swift; sourceTree = "<group>"; };
		E93F5D6223BA85CC00B0FFA4 /* UIImage+Color.swift */ = {isa = PBXFileReference; lastKnownFileType = sourcecode.swift; path = "UIImage+Color.swift"; sourceTree = "<group>"; };
		E93F5D6423BA93F200B0FFA4 /* TorrentDetailFileViewModelBase.swift */ = {isa = PBXFileReference; lastKnownFileType = sourcecode.swift; path = TorrentDetailFileViewModelBase.swift; sourceTree = "<group>"; };
		E93F5D6C23BA9BD200B0FFA4 /* TorrentDetailFileTableViewCell.swift */ = {isa = PBXFileReference; lastKnownFileType = sourcecode.swift; path = TorrentDetailFileTableViewCell.swift; sourceTree = "<group>"; };
		E9460D1C237BB3B100A08E68 /* TorrentListViewModelBase.swift */ = {isa = PBXFileReference; lastKnownFileType = sourcecode.swift; path = TorrentListViewModelBase.swift; sourceTree = "<group>"; };
		E9472CA923DCCE1D00D5CCDD /* MockDelugeRefresher.swift */ = {isa = PBXFileReference; lastKnownFileType = sourcecode.swift; path = MockDelugeRefresher.swift; sourceTree = "<group>"; };
		E94ACA53237B35E60082B1A6 /* TorrentListItemViewModelBase.swift */ = {isa = PBXFileReference; lastKnownFileType = sourcecode.swift; path = TorrentListItemViewModelBase.swift; sourceTree = "<group>"; };
		E94C28A323D14D13006F26D2 /* SettingsCoordinator.swift */ = {isa = PBXFileReference; lastKnownFileType = sourcecode.swift; path = SettingsCoordinator.swift; sourceTree = "<group>"; };
		E94C28A523D1546B006F26D2 /* Alert+ViewController.swift */ = {isa = PBXFileReference; lastKnownFileType = sourcecode.swift; path = "Alert+ViewController.swift"; sourceTree = "<group>"; };
		E94C28A723D157D4006F26D2 /* AddServerCoordinator.swift */ = {isa = PBXFileReference; lastKnownFileType = sourcecode.swift; path = AddServerCoordinator.swift; sourceTree = "<group>"; };
		E95127FB23D7F3C7000EF582 /* MockDelugeClient.swift */ = {isa = PBXFileReference; lastKnownFileType = sourcecode.swift; path = MockDelugeClient.swift; sourceTree = "<group>"; };
		E951873323C80FC00060636A /* Preferences+Servers.swift */ = {isa = PBXFileReference; lastKnownFileType = sourcecode.swift; path = "Preferences+Servers.swift"; sourceTree = "<group>"; };
		E959FA9D23AC3D3C002CB8F8 /* TorrentDetailHeaderTableViewCell.swift */ = {isa = PBXFileReference; lastKnownFileType = sourcecode.swift; path = TorrentDetailHeaderTableViewCell.swift; sourceTree = "<group>"; };
		E95BB40323CA404C002F0520 /* PreferenceKeys.swift */ = {isa = PBXFileReference; lastKnownFileType = sourcecode.swift; path = PreferenceKeys.swift; sourceTree = "<group>"; };
		E95C4D9423E3CD9600202CAA /* Publishers+AsOptional.swift */ = {isa = PBXFileReference; lastKnownFileType = sourcecode.swift; path = "Publishers+AsOptional.swift"; sourceTree = "<group>"; };
		E95C4D9623E3D20B00202CAA /* FilterOptions.swift */ = {isa = PBXFileReference; lastKnownFileType = sourcecode.swift; path = FilterOptions.swift; sourceTree = "<group>"; };
		E95C4D9823E3DB5600202CAA /* FilterCoordinator.swift */ = {isa = PBXFileReference; lastKnownFileType = sourcecode.swift; path = FilterCoordinator.swift; sourceTree = "<group>"; };
		E95C4D9A23E3DE0000202CAA /* FilterViewController.swift */ = {isa = PBXFileReference; lastKnownFileType = sourcecode.swift; path = FilterViewController.swift; sourceTree = "<group>"; };
		E9624D2A23D1FF080051EA99 /* Session.swift */ = {isa = PBXFileReference; lastKnownFileType = sourcecode.swift; path = Session.swift; sourceTree = "<group>"; };
		E9624D2C23D204AA0051EA99 /* DefaultSessionTests.swift */ = {isa = PBXFileReference; lastKnownFileType = sourcecode.swift; path = DefaultSessionTests.swift; sourceTree = "<group>"; };
		E9624D3D23D236130051EA99 /* TransmissionSettingsViewModel.swift */ = {isa = PBXFileReference; lastKnownFileType = sourcecode.swift; path = TransmissionSettingsViewModel.swift; sourceTree = "<group>"; };
		E9624D3F23D2368A0051EA99 /* TransmissionServerSettings.swift */ = {isa = PBXFileReference; lastKnownFileType = sourcecode.swift; path = TransmissionServerSettings.swift; sourceTree = "<group>"; };
		E9624D4223D23A2B0051EA99 /* ServerSettingsViewModelBase.swift */ = {isa = PBXFileReference; lastKnownFileType = sourcecode.swift; path = ServerSettingsViewModelBase.swift; sourceTree = "<group>"; };
		E96B0061237A43740091FA71 /* Magnesium.app */ = {isa = PBXFileReference; explicitFileType = wrapper.application; includeInIndex = 0; path = Magnesium.app; sourceTree = BUILT_PRODUCTS_DIR; };
		E96B0064237A43740091FA71 /* AppDelegate.swift */ = {isa = PBXFileReference; lastKnownFileType = sourcecode.swift; path = AppDelegate.swift; sourceTree = "<group>"; };
		E96B0066237A43740091FA71 /* SceneDelegate.swift */ = {isa = PBXFileReference; lastKnownFileType = sourcecode.swift; path = SceneDelegate.swift; sourceTree = "<group>"; };
		E96B006A237A43760091FA71 /* Assets.xcassets */ = {isa = PBXFileReference; lastKnownFileType = folder.assetcatalog; path = Assets.xcassets; sourceTree = "<group>"; };
		E96B0070237A43760091FA71 /* Base */ = {isa = PBXFileReference; lastKnownFileType = file.storyboard; name = Base; path = Base.lproj/LaunchScreen.storyboard; sourceTree = "<group>"; };
		E96B0072237A43760091FA71 /* Info.plist */ = {isa = PBXFileReference; lastKnownFileType = text.plist.xml; path = Info.plist; sourceTree = "<group>"; };
		E96B007E237A473E0091FA71 /* TorrentState.swift */ = {isa = PBXFileReference; lastKnownFileType = sourcecode.swift; path = TorrentState.swift; sourceTree = "<group>"; };
		E96B724E23D39368005E8E89 /* Transmission.swift */ = {isa = PBXFileReference; lastKnownFileType = sourcecode.swift; path = Transmission.swift; sourceTree = "<group>"; };
		E97233F623CFE3FA00038D30 /* ButtonTableViewCell.swift */ = {isa = PBXFileReference; lastKnownFileType = sourcecode.swift; path = ButtonTableViewCell.swift; sourceTree = "<group>"; };
		E97233FB23CFF9C300038D30 /* AddServerViewController.swift */ = {isa = PBXFileReference; lastKnownFileType = sourcecode.swift; path = AddServerViewController.swift; sourceTree = "<group>"; };
		E9746DF223B5B0B000F2EBC6 /* TorrentDetailTrackerTableViewCell.swift */ = {isa = PBXFileReference; lastKnownFileType = sourcecode.swift; path = TorrentDetailTrackerTableViewCell.swift; sourceTree = "<group>"; };
		E976FA43237E3647006B9DA9 /* ByteFormatter.swift */ = {isa = PBXFileReference; lastKnownFileType = sourcecode.swift; path = ByteFormatter.swift; sourceTree = "<group>"; };
		E97750E923D1686F00264638 /* SettingsSection.swift */ = {isa = PBXFileReference; lastKnownFileType = sourcecode.swift; path = SettingsSection.swift; sourceTree = "<group>"; };
		E97750EC23D1688500264638 /* SettingsItem.swift */ = {isa = PBXFileReference; lastKnownFileType = sourcecode.swift; path = SettingsItem.swift; sourceTree = "<group>"; };
		E9786AF523D38D5600E4157E /* Deluge.swift */ = {isa = PBXFileReference; lastKnownFileType = sourcecode.swift; path = Deluge.swift; sourceTree = "<group>"; };
		E9786AF923D38FF300E4157E /* Transmission */ = {isa = PBXFileReference; lastKnownFileType = folder; path = Transmission; sourceTree = "<group>"; };
		E97B543023B51892006FFCC9 /* TorrentDetailSectionHeaderView.swift */ = {isa = PBXFileReference; lastKnownFileType = sourcecode.swift; path = TorrentDetailSectionHeaderView.swift; sourceTree = "<group>"; };
		E97D970F23C6A32B005FD8F3 /* DelugeRefreshable.swift */ = {isa = PBXFileReference; lastKnownFileType = sourcecode.swift; path = DelugeRefreshable.swift; sourceTree = "<group>"; };
		E97D971523C6B286005FD8F3 /* DelugeTorrentFileViewModel.swift */ = {isa = PBXFileReference; lastKnownFileType = sourcecode.swift; path = DelugeTorrentFileViewModel.swift; sourceTree = "<group>"; };
		E97DAD8923CE265100F3E888 /* TransmissionTorrentListViewModel.swift */ = {isa = PBXFileReference; lastKnownFileType = sourcecode.swift; path = TransmissionTorrentListViewModel.swift; sourceTree = "<group>"; };
		E97DAD8B23CE269900F3E888 /* TransmissionTorrentListItemViewModel.swift */ = {isa = PBXFileReference; lastKnownFileType = sourcecode.swift; path = TransmissionTorrentListItemViewModel.swift; sourceTree = "<group>"; };
		E9801EF123D37E1400181FFD /* TorrentSortTests.swift */ = {isa = PBXFileReference; lastKnownFileType = sourcecode.swift; path = TorrentSortTests.swift; sourceTree = "<group>"; };
		E9801EF323D37E8300181FFD /* MVVM */ = {isa = PBXFileReference; lastKnownFileType = folder; path = MVVM; sourceTree = "<group>"; };
		E9801EF623D37FC200181FFD /* AlertPresenter.swift */ = {isa = PBXFileReference; lastKnownFileType = sourcecode.swift; path = AlertPresenter.swift; sourceTree = "<group>"; };
		E9801EF823D380CB00181FFD /* Deluge */ = {isa = PBXFileReference; lastKnownFileType = folder; path = Deluge; sourceTree = "<group>"; };
		E98D935E23D2474B0013A1E1 /* MockPreferences.swift */ = {isa = PBXFileReference; lastKnownFileType = sourcecode.swift; path = MockPreferences.swift; sourceTree = "<group>"; };
		E98D936023D2845D0013A1E1 /* CurrentValueSubjectMapManager.swift */ = {isa = PBXFileReference; lastKnownFileType = sourcecode.swift; path = CurrentValueSubjectMapManager.swift; sourceTree = "<group>"; };
		E98D936223D2849E0013A1E1 /* TorrentSortUtil.swift */ = {isa = PBXFileReference; lastKnownFileType = sourcecode.swift; path = TorrentSortUtil.swift; sourceTree = "<group>"; };
		E9999A8223BAE1BD00E8309D /* Publishers+UI.swift */ = {isa = PBXFileReference; lastKnownFileType = sourcecode.swift; path = "Publishers+UI.swift"; sourceTree = "<group>"; };
		E99FC25723D13A340019A992 /* TorrentListCoordinator.swift */ = {isa = PBXFileReference; lastKnownFileType = sourcecode.swift; path = TorrentListCoordinator.swift; sourceTree = "<group>"; };
		E99FC25923D13C270019A992 /* AppCoordinator.swift */ = {isa = PBXFileReference; lastKnownFileType = sourcecode.swift; path = AppCoordinator.swift; sourceTree = "<group>"; };
		E99FC25D23D1479E0019A992 /* Alert.swift */ = {isa = PBXFileReference; lastKnownFileType = sourcecode.swift; path = Alert.swift; sourceTree = "<group>"; };
		E99FC25E23D1479E0019A992 /* AlertAction.swift */ = {isa = PBXFileReference; lastKnownFileType = sourcecode.swift; path = AlertAction.swift; sourceTree = "<group>"; };
		E99FC26623D1482F0019A992 /* PopoverSource.swift */ = {isa = PBXFileReference; lastKnownFileType = sourcecode.swift; path = PopoverSource.swift; sourceTree = "<group>"; };
		E99FC26723D148CC0019A992 /* TorrentDetailCoordinator.swift */ = {isa = PBXFileReference; lastKnownFileType = sourcecode.swift; path = TorrentDetailCoordinator.swift; sourceTree = "<group>"; };
		E9A0BD9223D0040300AEC254 /* AddServerViewModel.swift */ = {isa = PBXFileReference; lastKnownFileType = sourcecode.swift; path = AddServerViewModel.swift; sourceTree = "<group>"; };
		E9AE9E5523D695120018D180 /* DelugeTorrentTests.swift */ = {isa = PBXFileReference; lastKnownFileType = sourcecode.swift; path = DelugeTorrentTests.swift; sourceTree = "<group>"; };
		E9AE9E5723D695BD0018D180 /* Deluge+Mocks.swift */ = {isa = PBXFileReference; lastKnownFileType = sourcecode.swift; path = "Deluge+Mocks.swift"; sourceTree = "<group>"; };
		E9B3457423C82992001F14BD /* ServerPreferencesTests.swift */ = {isa = PBXFileReference; lastKnownFileType = sourcecode.swift; path = ServerPreferencesTests.swift; sourceTree = "<group>"; };
		E9B40E8D23B3FCEB009E30AE /* TorrentDetailItem.swift */ = {isa = PBXFileReference; lastKnownFileType = sourcecode.swift; path = TorrentDetailItem.swift; sourceTree = "<group>"; };
		E9B40E8F23B3FD64009E30AE /* TorrentDetailSection.swift */ = {isa = PBXFileReference; lastKnownFileType = sourcecode.swift; path = TorrentDetailSection.swift; sourceTree = "<group>"; };
		E9B40E9123B3FDA0009E30AE /* TorrentDetailHeaderViewModelBase.swift */ = {isa = PBXFileReference; lastKnownFileType = sourcecode.swift; path = TorrentDetailHeaderViewModelBase.swift; sourceTree = "<group>"; };
		E9B40EA123B4057C009E30AE /* TorrentDetailInfoTableViewCell.swift */ = {isa = PBXFileReference; lastKnownFileType = sourcecode.swift; path = TorrentDetailInfoTableViewCell.swift; sourceTree = "<group>"; };
		E9B7D5C423D15ECD0025FFA8 /* ServerSettingsCoordinator.swift */ = {isa = PBXFileReference; lastKnownFileType = sourcecode.swift; path = ServerSettingsCoordinator.swift; sourceTree = "<group>"; };
		E9C39ADF23CC27A800BB3556 /* TextInputTableViewCellViewModel.swift */ = {isa = PBXFileReference; lastKnownFileType = sourcecode.swift; path = TextInputTableViewCellViewModel.swift; sourceTree = "<group>"; };
		E9C8258123C5775B003B1D72 /* DelugeTorrentListItemViewModel.swift */ = {isa = PBXFileReference; lastKnownFileType = sourcecode.swift; path = DelugeTorrentListItemViewModel.swift; sourceTree = "<group>"; };
		E9C8258323C5787E003B1D72 /* TorrentExt.swift */ = {isa = PBXFileReference; lastKnownFileType = sourcecode.swift; path = TorrentExt.swift; sourceTree = "<group>"; };
		E9C8258523C579E9003B1D72 /* DelugeTorrentListViewModel.swift */ = {isa = PBXFileReference; lastKnownFileType = sourcecode.swift; path = DelugeTorrentListViewModel.swift; sourceTree = "<group>"; };
		E9C8258723C57E47003B1D72 /* SortOption.swift */ = {isa = PBXFileReference; lastKnownFileType = sourcecode.swift; path = SortOption.swift; sourceTree = "<group>"; };
		E9C8258D23C58509003B1D72 /* DelugeTorrentDetailViewModel.swift */ = {isa = PBXFileReference; lastKnownFileType = sourcecode.swift; path = DelugeTorrentDetailViewModel.swift; sourceTree = "<group>"; };
		E9C8258F23C58526003B1D72 /* DelugeTorrentDetailHeaderViewModel.swift */ = {isa = PBXFileReference; lastKnownFileType = sourcecode.swift; path = DelugeTorrentDetailHeaderViewModel.swift; sourceTree = "<group>"; };
		E9CC160923AD5CD400EA1B4C /* MagnesiumTests.xctest */ = {isa = PBXFileReference; explicitFileType = wrapper.cfbundle; includeInIndex = 0; path = MagnesiumTests.xctest; sourceTree = BUILT_PRODUCTS_DIR; };
		E9CC160D23AD5CD400EA1B4C /* Info.plist */ = {isa = PBXFileReference; lastKnownFileType = text.plist.xml; path = Info.plist; sourceTree = "<group>"; };
		E9CE4C3323B453BE001D1C63 /* DateFormatters.swift */ = {isa = PBXFileReference; lastKnownFileType = sourcecode.swift; path = DateFormatters.swift; sourceTree = "<group>"; };
		E9CF491E23E3B18200026723 /* FilterViewModel.swift */ = {isa = PBXFileReference; lastKnownFileType = sourcecode.swift; path = FilterViewModel.swift; sourceTree = "<group>"; };
		E9CF492023E3B82000026723 /* PreviewViewModel.swift */ = {isa = PBXFileReference; lastKnownFileType = sourcecode.swift; path = PreviewViewModel.swift; sourceTree = "<group>"; };
		E9DF151323D4085500FB9F4D /* DelugeTorrentListItemViewModelTests.swift */ = {isa = PBXFileReference; lastKnownFileType = sourcecode.swift; path = DelugeTorrentListItemViewModelTests.swift; sourceTree = "<group>"; };
		E9E411B423D932EE00A7EFED /* DelugeTorrentDetailViewModelTests.swift */ = {isa = PBXFileReference; lastKnownFileType = sourcecode.swift; path = DelugeTorrentDetailViewModelTests.swift; sourceTree = "<group>"; };
		E9E411B623D933AD00A7EFED /* DelugeTorrentListViewModelTests.swift */ = {isa = PBXFileReference; fileEncoding = 4; lastKnownFileType = sourcecode.swift; path = DelugeTorrentListViewModelTests.swift; sourceTree = "<group>"; };
		E9E9F0F323807044007C6D2D /* TorrentDetailViewModelBase.swift */ = {isa = PBXFileReference; lastKnownFileType = sourcecode.swift; path = TorrentDetailViewModelBase.swift; sourceTree = "<group>"; };
		E9F24E0A23CE3B160089E45F /* DelugeSettingsViewModel.swift */ = {isa = PBXFileReference; lastKnownFileType = sourcecode.swift; path = DelugeSettingsViewModel.swift; sourceTree = "<group>"; };
		E9F24E0C23CE4E1F0089E45F /* EmptyTorrentListViewModel.swift */ = {isa = PBXFileReference; lastKnownFileType = sourcecode.swift; path = EmptyTorrentListViewModel.swift; sourceTree = "<group>"; };
		E9F24E0E23CE4ECB0089E45F /* DelugeServerSettings.swift */ = {isa = PBXFileReference; lastKnownFileType = sourcecode.swift; path = DelugeServerSettings.swift; sourceTree = "<group>"; };
		E9F24E1123CE55180089E45F /* PreviewPreferences.swift */ = {isa = PBXFileReference; lastKnownFileType = sourcecode.swift; path = PreviewPreferences.swift; sourceTree = "<group>"; };
		E9F4002323DE92490016B9C3 /* DelugeTorrentDetailHeaderViewModelTests.swift */ = {isa = PBXFileReference; lastKnownFileType = sourcecode.swift; path = DelugeTorrentDetailHeaderViewModelTests.swift; sourceTree = "<group>"; };
/* End PBXFileReference section */

/* Begin PBXFrameworksBuildPhase section */
		E96B005E237A43740091FA71 /* Frameworks */ = {
			isa = PBXFrameworksBuildPhase;
			buildActionMask = 2147483647;
			files = (
				E9282C8923CC170900776CD3 /* Preferences in Frameworks */,
				E96B725123D3937B005E8E89 /* Transmission in Frameworks */,
				E9CA717E23E28CCF0072522B /* MVVM in Frameworks */,
				E9786AF823D38E6200E4157E /* Deluge in Frameworks */,
			);
			runOnlyForDeploymentPostprocessing = 0;
		};
		E9CC160623AD5CD400EA1B4C /* Frameworks */ = {
			isa = PBXFrameworksBuildPhase;
			buildActionMask = 2147483647;
			files = (
			);
			runOnlyForDeploymentPostprocessing = 0;
		};
/* End PBXFrameworksBuildPhase section */

/* Begin PBXGroup section */
		E90366E023AAC44700C6AB46 /* Extensions */ = {
			isa = PBXGroup;
			children = (
				E9801EF623D37FC200181FFD /* AlertPresenter.swift */,
				E9786AF523D38D5600E4157E /* Deluge.swift */,
				E90366E123AAC45600C6AB46 /* NSLayoutConstraint+Priority.swift */,
				E951873323C80FC00060636A /* Preferences+Servers.swift */,
				E9999A8223BAE1BD00E8309D /* Publishers+UI.swift */,
				E90DC4F123CEBE4100FB53E6 /* Server+TorrentListViewModel.swift */,
				E96B724E23D39368005E8E89 /* Transmission.swift */,
				E93F5D6223BA85CC00B0FFA4 /* UIImage+Color.swift */,
				E95C4D9423E3CD9600202CAA /* Publishers+AsOptional.swift */,
			);
			path = Extensions;
			sourceTree = "<group>";
		};
		E90DC4F323CEBF6000FB53E6 /* Settings */ = {
			isa = PBXGroup;
			children = (
				E90DC4F423CEC09400FB53E6 /* Main */,
				E97233FA23CFF9B400038D30 /* Add Server */,
				E9624D4123D239FF0051EA99 /* Server Settings */,
			);
			path = Settings;
			sourceTree = "<group>";
		};
		E90DC4F423CEC09400FB53E6 /* Main */ = {
			isa = PBXGroup;
			children = (
				E9B7D5C423D15ECD0025FFA8 /* ServerSettingsCoordinator.swift */,
				E94C28A323D14D13006F26D2 /* SettingsCoordinator.swift */,
				E97750EC23D1688500264638 /* SettingsItem.swift */,
				E97750E923D1686F00264638 /* SettingsSection.swift */,
				E90DC4F523CEC0AD00FB53E6 /* SettingsViewController.swift */,
				E90DC4F923CEC6A100FB53E6 /* SettingsViewModel.swift */,
			);
			path = Main;
			sourceTree = "<group>";
		};
		E913FD8723DFD667008179F1 /* Deluge */ = {
			isa = PBXGroup;
			children = (
				E97D970F23C6A32B005FD8F3 /* DelugeRefreshable.swift */,
				E9F24E0E23CE4ECB0089E45F /* DelugeServerSettings.swift */,
				E913FD8523DFD65E008179F1 /* DelugeKeychainData.swift */,
			);
			path = Deluge;
			sourceTree = "<group>";
		};
		E913FD8823DFD674008179F1 /* Transmission */ = {
			isa = PBXGroup;
			children = (
				E9624D3F23D2368A0051EA99 /* TransmissionServerSettings.swift */,
				E913FD8923DFD683008179F1 /* TransmissionKeychainData.swift */,
			);
			path = Transmission;
			sourceTree = "<group>";
		};
		E93A3D5923AC52DF007BBD63 /* Preview */ = {
			isa = PBXGroup;
			children = (
				E9F24E1123CE55180089E45F /* PreviewPreferences.swift */,
				E93A3D5A23AC52ED007BBD63 /* PreviewViewContainer.swift */,
				E9CF492023E3B82000026723 /* PreviewViewModel.swift */,
			);
			path = Preview;
			sourceTree = "<group>";
		};
		E959FA9A23AC3C3E002CB8F8 /* Screens */ = {
			isa = PBXGroup;
			children = (
				E959FA9B23AC3C47002CB8F8 /* Torrent List */,
				E959FA9C23AC3C68002CB8F8 /* Torrent Detail */,
				E9CF491D23E3B15500026723 /* Filter */,
				E90DC4F323CEBF6000FB53E6 /* Settings */,
			);
			path = Screens;
			sourceTree = "<group>";
		};
		E959FA9B23AC3C47002CB8F8 /* Torrent List */ = {
			isa = PBXGroup;
			children = (
				E99FC26923D148FA0019A992 /* Coordinator */,
				E9B40E9E23B40559009E30AE /* ViewModels */,
				E9B40E9D23B40551009E30AE /* Views */,
			);
			path = "Torrent List";
			sourceTree = "<group>";
		};
		E959FA9C23AC3C68002CB8F8 /* Torrent Detail */ = {
			isa = PBXGroup;
			children = (
				E99FC26A23D149040019A992 /* Coordinator */,
				E9B40E9B23B40525009E30AE /* Models */,
				E9B40E9823B404E8009E30AE /* ViewModels */,
				E9B40E9A23B404FA009E30AE /* Views */,
			);
			path = "Torrent Detail";
			sourceTree = "<group>";
		};
		E9624D4123D239FF0051EA99 /* Server Settings */ = {
			isa = PBXGroup;
			children = (
				E9F24E0A23CE3B160089E45F /* DelugeSettingsViewModel.swift */,
				E9282C8E23CC1C4100776CD3 /* ServerSettingsViewController.swift */,
				E9624D4223D23A2B0051EA99 /* ServerSettingsViewModelBase.swift */,
				E9624D3D23D236130051EA99 /* TransmissionSettingsViewModel.swift */,
			);
			path = "Server Settings";
			sourceTree = "<group>";
		};
		E9635A5423CADC5300239239 /* Frameworks */ = {
			isa = PBXGroup;
			children = (
			);
			name = Frameworks;
			sourceTree = "<group>";
		};
		E96B0058237A43740091FA71 = {
			isa = PBXGroup;
			children = (
				E9801EF323D37E8300181FFD /* MVVM */,
				E9801EF823D380CB00181FFD /* Deluge */,
				E9282C8723CC16FF00776CD3 /* Preferences */,
				E9786AF923D38FF300E4157E /* Transmission */,
				E96B0063237A43740091FA71 /* Magnesium */,
				E9CC160A23AD5CD400EA1B4C /* MagnesiumTests */,
				E96B0062237A43740091FA71 /* Products */,
				E9635A5423CADC5300239239 /* Frameworks */,
			);
			sourceTree = "<group>";
		};
		E96B0062237A43740091FA71 /* Products */ = {
			isa = PBXGroup;
			children = (
				E96B0061237A43740091FA71 /* Magnesium.app */,
				E9CC160923AD5CD400EA1B4C /* MagnesiumTests.xctest */,
			);
			name = Products;
			sourceTree = "<group>";
		};
		E96B0063237A43740091FA71 /* Magnesium */ = {
			isa = PBXGroup;
			children = (
				E96B0064237A43740091FA71 /* AppDelegate.swift */,
				E99FC25923D13C270019A992 /* AppCoordinator.swift */,
				E96B0066237A43740091FA71 /* SceneDelegate.swift */,
				E96B0080237A478E0091FA71 /* Models */,
				E97B543423B581AC006FFCC9 /* Views */,
				E959FA9A23AC3C3E002CB8F8 /* Screens */,
				E90366E023AAC44700C6AB46 /* Extensions */,
				E976FA42237E3634006B9DA9 /* Utilities */,
				E9949942237F5BAB004E019E /* Storyboards */,
				E93A3D5923AC52DF007BBD63 /* Preview */,
				E9949943237F5BCB004E019E /* Resources */,
			);
			path = Magnesium;
			sourceTree = "<group>";
		};
		E96B0080237A478E0091FA71 /* Models */ = {
			isa = PBXGroup;
			children = (
				E99FC26523D148290019A992 /* Alert */,
				E913FD8723DFD667008179F1 /* Deluge */,
				E913FD8823DFD674008179F1 /* Transmission */,
				E95BB40323CA404C002F0520 /* PreferenceKeys.swift */,
				E9624D2A23D1FF080051EA99 /* Session.swift */,
				E9C8258723C57E47003B1D72 /* SortOption.swift */,
				E9C8258323C5787E003B1D72 /* TorrentExt.swift */,
				E96B007E237A473E0091FA71 /* TorrentState.swift */,
				E95C4D9623E3D20B00202CAA /* FilterOptions.swift */,
			);
			path = Models;
			sourceTree = "<group>";
		};
		E97233FA23CFF9B400038D30 /* Add Server */ = {
			isa = PBXGroup;
			children = (
				E94C28A723D157D4006F26D2 /* AddServerCoordinator.swift */,
				E97233FB23CFF9C300038D30 /* AddServerViewController.swift */,
				E9A0BD9223D0040300AEC254 /* AddServerViewModel.swift */,
			);
			path = "Add Server";
			sourceTree = "<group>";
		};
		E976FA42237E3634006B9DA9 /* Utilities */ = {
			isa = PBXGroup;
			children = (
				E976FA43237E3647006B9DA9 /* ByteFormatter.swift */,
				E98D936023D2845D0013A1E1 /* CurrentValueSubjectMapManager.swift */,
				E9CE4C3323B453BE001D1C63 /* DateFormatters.swift */,
				E98D936223D2849E0013A1E1 /* TorrentSortUtil.swift */,
			);
			path = Utilities;
			sourceTree = "<group>";
		};
		E97B543423B581AC006FFCC9 /* Views */ = {
			isa = PBXGroup;
			children = (
				E9C39ADE23CC278E00BB3556 /* TextInputTableViewCell */,
				E97233F623CFE3FA00038D30 /* ButtonTableViewCell.swift */,
			);
			path = Views;
			sourceTree = "<group>";
		};
		E97DAD8823CE264000F3E888 /* Transmission */ = {
			isa = PBXGroup;
			children = (
				E97DAD8B23CE269900F3E888 /* TransmissionTorrentListItemViewModel.swift */,
				E97DAD8923CE265100F3E888 /* TransmissionTorrentListViewModel.swift */,
			);
			path = Transmission;
			sourceTree = "<group>";
		};
		E9949942237F5BAB004E019E /* Storyboards */ = {
			isa = PBXGroup;
			children = (
				E96B006F237A43760091FA71 /* LaunchScreen.storyboard */,
			);
			path = Storyboards;
			sourceTree = "<group>";
		};
		E9949943237F5BCB004E019E /* Resources */ = {
			isa = PBXGroup;
			children = (
				E96B006A237A43760091FA71 /* Assets.xcassets */,
				E96B0072237A43760091FA71 /* Info.plist */,
			);
			path = Resources;
			sourceTree = "<group>";
		};
		E99FC26523D148290019A992 /* Alert */ = {
			isa = PBXGroup;
			children = (
				E99FC25D23D1479E0019A992 /* Alert.swift */,
				E94C28A523D1546B006F26D2 /* Alert+ViewController.swift */,
				E99FC25E23D1479E0019A992 /* AlertAction.swift */,
				E99FC26623D1482F0019A992 /* PopoverSource.swift */,
			);
			path = Alert;
			sourceTree = "<group>";
		};
		E99FC26923D148FA0019A992 /* Coordinator */ = {
			isa = PBXGroup;
			children = (
				E99FC25723D13A340019A992 /* TorrentListCoordinator.swift */,
			);
			path = Coordinator;
			sourceTree = "<group>";
		};
		E99FC26A23D149040019A992 /* Coordinator */ = {
			isa = PBXGroup;
			children = (
				E99FC26723D148CC0019A992 /* TorrentDetailCoordinator.swift */,
			);
			path = Coordinator;
			sourceTree = "<group>";
		};
		E9B40E9723B404DF009E30AE /* Base */ = {
			isa = PBXGroup;
			children = (
				E93F5D6423BA93F200B0FFA4 /* TorrentDetailFileViewModelBase.swift */,
				E9B40E9123B3FDA0009E30AE /* TorrentDetailHeaderViewModelBase.swift */,
				E9E9F0F323807044007C6D2D /* TorrentDetailViewModelBase.swift */,
			);
			path = Base;
			sourceTree = "<group>";
		};
		E9B40E9823B404E8009E30AE /* ViewModels */ = {
			isa = PBXGroup;
			children = (
				E9B40E9723B404DF009E30AE /* Base */,
				E9C8258C23C584ED003B1D72 /* Deluge */,
			);
			path = ViewModels;
			sourceTree = "<group>";
		};
		E9B40E9A23B404FA009E30AE /* Views */ = {
			isa = PBXGroup;
			children = (
				E93F5D6C23BA9BD200B0FFA4 /* TorrentDetailFileTableViewCell.swift */,
				E959FA9D23AC3D3C002CB8F8 /* TorrentDetailHeaderTableViewCell.swift */,
				E9B40EA123B4057C009E30AE /* TorrentDetailInfoTableViewCell.swift */,
				E97B543023B51892006FFCC9 /* TorrentDetailSectionHeaderView.swift */,
				E9746DF223B5B0B000F2EBC6 /* TorrentDetailTrackerTableViewCell.swift */,
				E928F00523AC340B006BD6BD /* TorrentDetailViewController.swift */,
			);
			path = Views;
			sourceTree = "<group>";
		};
		E9B40E9B23B40525009E30AE /* Models */ = {
			isa = PBXGroup;
			children = (
				E9B40E8D23B3FCEB009E30AE /* TorrentDetailItem.swift */,
				E9B40E8F23B3FD64009E30AE /* TorrentDetailSection.swift */,
			);
			path = Models;
			sourceTree = "<group>";
		};
		E9B40E9D23B40551009E30AE /* Views */ = {
			isa = PBXGroup;
			children = (
				E90366DB23AAB3BD00C6AB46 /* TorrentListViewController.swift */,
				E90366DE23AAB46400C6AB46 /* TorrentTableViewCell.swift */,
			);
			path = Views;
			sourceTree = "<group>";
		};
		E9B40E9E23B40559009E30AE /* ViewModels */ = {
			isa = PBXGroup;
			children = (
				E9B40E9F23B4055E009E30AE /* Base */,
				E9C8258023C57744003B1D72 /* Deluge */,
				E97DAD8823CE264000F3E888 /* Transmission */,
				E9F24E0C23CE4E1F0089E45F /* EmptyTorrentListViewModel.swift */,
			);
			path = ViewModels;
			sourceTree = "<group>";
		};
		E9B40E9F23B4055E009E30AE /* Base */ = {
			isa = PBXGroup;
			children = (
				E94ACA53237B35E60082B1A6 /* TorrentListItemViewModelBase.swift */,
				E9460D1C237BB3B100A08E68 /* TorrentListViewModelBase.swift */,
			);
			path = Base;
			sourceTree = "<group>";
		};
		E9C39ADE23CC278E00BB3556 /* TextInputTableViewCell */ = {
			isa = PBXGroup;
			children = (
				E9282C9023CC1CBD00776CD3 /* TextInputTableViewCell.swift */,
				E9C39ADF23CC27A800BB3556 /* TextInputTableViewCellViewModel.swift */,
			);
			path = TextInputTableViewCell;
			sourceTree = "<group>";
		};
		E9C8258023C57744003B1D72 /* Deluge */ = {
			isa = PBXGroup;
			children = (
				E9C8258123C5775B003B1D72 /* DelugeTorrentListItemViewModel.swift */,
				E9C8258523C579E9003B1D72 /* DelugeTorrentListViewModel.swift */,
			);
			path = Deluge;
			sourceTree = "<group>";
		};
		E9C8258C23C584ED003B1D72 /* Deluge */ = {
			isa = PBXGroup;
			children = (
				E9C8258F23C58526003B1D72 /* DelugeTorrentDetailHeaderViewModel.swift */,
				E9C8258D23C58509003B1D72 /* DelugeTorrentDetailViewModel.swift */,
				E97D971523C6B286005FD8F3 /* DelugeTorrentFileViewModel.swift */,
			);
			path = Deluge;
			sourceTree = "<group>";
		};
		E9CC160A23AD5CD400EA1B4C /* MagnesiumTests */ = {
			isa = PBXGroup;
			children = (
				E9091D3523E268310034C353 /* AddServerViewModelTests.swift */,
				E9624D2C23D204AA0051EA99 /* DefaultSessionTests.swift */,
				E9AE9E5723D695BD0018D180 /* Deluge+Mocks.swift */,
				E9091D3723E2698B0034C353 /* DelugeSettingsViewModelTests.swift */,
				E9F4002323DE92490016B9C3 /* DelugeTorrentDetailHeaderViewModelTests.swift */,
				E9E411B423D932EE00A7EFED /* DelugeTorrentDetailViewModelTests.swift */,
				E9DF151323D4085500FB9F4D /* DelugeTorrentListItemViewModelTests.swift */,
				E9E411B623D933AD00A7EFED /* DelugeTorrentListViewModelTests.swift */,
				E9AE9E5523D695120018D180 /* DelugeTorrentTests.swift */,
				E9CC160D23AD5CD400EA1B4C /* Info.plist */,
				E95127FB23D7F3C7000EF582 /* MockDelugeClient.swift */,
				E9472CA923DCCE1D00D5CCDD /* MockDelugeRefresher.swift */,
				E98D935E23D2474B0013A1E1 /* MockPreferences.swift */,
				E9B3457423C82992001F14BD /* ServerPreferencesTests.swift */,
				E9091D3323E25F580034C353 /* SettingsViewModelTests.swift */,
				E9801EF123D37E1400181FFD /* TorrentSortTests.swift */,
			);
			path = MagnesiumTests;
			sourceTree = "<group>";
		};
		E9CF491D23E3B15500026723 /* Filter */ = {
			isa = PBXGroup;
			children = (
				E9CF491E23E3B18200026723 /* FilterViewModel.swift */,
				E95C4D9823E3DB5600202CAA /* FilterCoordinator.swift */,
				E95C4D9A23E3DE0000202CAA /* FilterViewController.swift */,
			);
			path = Filter;
			sourceTree = "<group>";
		};
/* End PBXGroup section */

/* Begin PBXNativeTarget section */
		E96B0060237A43740091FA71 /* Magnesium */ = {
			isa = PBXNativeTarget;
			buildConfigurationList = E96B0075237A43760091FA71 /* Build configuration list for PBXNativeTarget "Magnesium" */;
			buildPhases = (
				E96B0078237A44C00091FA71 /* SwiftLint */,
				E96B005D237A43740091FA71 /* Sources */,
				E96B005E237A43740091FA71 /* Frameworks */,
				E96B005F237A43740091FA71 /* Resources */,
			);
			buildRules = (
			);
			dependencies = (
			);
			name = Magnesium;
			packageProductDependencies = (
				E9282C8823CC170900776CD3 /* Preferences */,
				E9786AF723D38E6200E4157E /* Deluge */,
				E96B725023D3937B005E8E89 /* Transmission */,
				E9CA717D23E28CCF0072522B /* MVVM */,
			);
			productName = Magnesium;
			productReference = E96B0061237A43740091FA71 /* Magnesium.app */;
			productType = "com.apple.product-type.application";
		};
		E9CC160823AD5CD400EA1B4C /* MagnesiumTests */ = {
			isa = PBXNativeTarget;
			buildConfigurationList = E9CC161223AD5CD400EA1B4C /* Build configuration list for PBXNativeTarget "MagnesiumTests" */;
			buildPhases = (
				E9CC160523AD5CD400EA1B4C /* Sources */,
				E9CC160623AD5CD400EA1B4C /* Frameworks */,
				E9CC160723AD5CD400EA1B4C /* Resources */,
			);
			buildRules = (
			);
			dependencies = (
				E9CC160F23AD5CD400EA1B4C /* PBXTargetDependency */,
			);
			name = MagnesiumTests;
			productName = MagnesiumTests;
			productReference = E9CC160923AD5CD400EA1B4C /* MagnesiumTests.xctest */;
			productType = "com.apple.product-type.bundle.unit-test";
		};
/* End PBXNativeTarget section */

/* Begin PBXProject section */
		E96B0059237A43740091FA71 /* Project object */ = {
			isa = PBXProject;
			attributes = {
				LastSwiftUpdateCheck = 1130;
				LastUpgradeCheck = 1120;
				ORGANIZATIONNAME = "James Hurst";
				TargetAttributes = {
					E96B0060237A43740091FA71 = {
						CreatedOnToolsVersion = 11.2.1;
					};
					E9CC160823AD5CD400EA1B4C = {
						CreatedOnToolsVersion = 11.3;
						TestTargetID = E96B0060237A43740091FA71;
					};
				};
			};
			buildConfigurationList = E96B005C237A43740091FA71 /* Build configuration list for PBXProject "Magnesium" */;
			compatibilityVersion = "Xcode 9.3";
			developmentRegion = en;
			hasScannedForEncodings = 0;
			knownRegions = (
				en,
				Base,
			);
			mainGroup = E96B0058237A43740091FA71;
			productRefGroup = E96B0062237A43740091FA71 /* Products */;
			projectDirPath = "";
			projectRoot = "";
			targets = (
				E96B0060237A43740091FA71 /* Magnesium */,
				E9CC160823AD5CD400EA1B4C /* MagnesiumTests */,
			);
		};
/* End PBXProject section */

/* Begin PBXResourcesBuildPhase section */
		E96B005F237A43740091FA71 /* Resources */ = {
			isa = PBXResourcesBuildPhase;
			buildActionMask = 2147483647;
			files = (
				E96B0071237A43760091FA71 /* LaunchScreen.storyboard in Resources */,
				E96B006B237A43760091FA71 /* Assets.xcassets in Resources */,
			);
			runOnlyForDeploymentPostprocessing = 0;
		};
		E9CC160723AD5CD400EA1B4C /* Resources */ = {
			isa = PBXResourcesBuildPhase;
			buildActionMask = 2147483647;
			files = (
			);
			runOnlyForDeploymentPostprocessing = 0;
		};
/* End PBXResourcesBuildPhase section */

/* Begin PBXShellScriptBuildPhase section */
		E96B0078237A44C00091FA71 /* SwiftLint */ = {
			isa = PBXShellScriptBuildPhase;
			buildActionMask = 2147483647;
			files = (
			);
			inputFileListPaths = (
			);
			inputPaths = (
			);
			name = SwiftLint;
			outputFileListPaths = (
			);
			outputPaths = (
			);
			runOnlyForDeploymentPostprocessing = 0;
			shellPath = /bin/sh;
			shellScript = "if which swiftlint >/dev/null; then\n  swiftlint\nelse\n  echo \"warning: SwiftLint not installed, download from https://github.com/realm/SwiftLint\"\nfi\n";
		};
/* End PBXShellScriptBuildPhase section */

/* Begin PBXSourcesBuildPhase section */
		E96B005D237A43740091FA71 /* Sources */ = {
			isa = PBXSourcesBuildPhase;
			buildActionMask = 2147483647;
			files = (
				E976FA44237E3647006B9DA9 /* ByteFormatter.swift in Sources */,
				E9C8259023C58526003B1D72 /* DelugeTorrentDetailHeaderViewModel.swift in Sources */,
				E97D971623C6B286005FD8F3 /* DelugeTorrentFileViewModel.swift in Sources */,
				E9CE4C3423B453BE001D1C63 /* DateFormatters.swift in Sources */,
				E9B40E8E23B3FCEB009E30AE /* TorrentDetailItem.swift in Sources */,
				E90366DF23AAB46400C6AB46 /* TorrentTableViewCell.swift in Sources */,
				E9282C8F23CC1C4100776CD3 /* ServerSettingsViewController.swift in Sources */,
				E9624D2B23D1FF080051EA99 /* Session.swift in Sources */,
				E9B40E9023B3FD64009E30AE /* TorrentDetailSection.swift in Sources */,
				E95C4D9723E3D20B00202CAA /* FilterOptions.swift in Sources */,
				E9B7D5C523D15ECD0025FFA8 /* ServerSettingsCoordinator.swift in Sources */,
				E97D971023C6A32B005FD8F3 /* DelugeRefreshable.swift in Sources */,
				E98D936323D2849E0013A1E1 /* TorrentSortUtil.swift in Sources */,
				E99FC25A23D13C270019A992 /* AppCoordinator.swift in Sources */,
				E90366DC23AAB3BD00C6AB46 /* TorrentListViewController.swift in Sources */,
				E913FD8623DFD65E008179F1 /* DelugeKeychainData.swift in Sources */,
				E90DC4F223CEBE4100FB53E6 /* Server+TorrentListViewModel.swift in Sources */,
				E95C4D9923E3DB5600202CAA /* FilterCoordinator.swift in Sources */,
				E94C28A623D1546B006F26D2 /* Alert+ViewController.swift in Sources */,
				E9F24E0F23CE4ECB0089E45F /* DelugeServerSettings.swift in Sources */,
				E9999A8323BAE1BD00E8309D /* Publishers+UI.swift in Sources */,
				E9CF491F23E3B18200026723 /* FilterViewModel.swift in Sources */,
				E90DC4F623CEC0AD00FB53E6 /* SettingsViewController.swift in Sources */,
				E99FC26023D1479E0019A992 /* Alert.swift in Sources */,
				E97750ED23D1688500264638 /* SettingsItem.swift in Sources */,
				E98D936123D2845D0013A1E1 /* CurrentValueSubjectMapManager.swift in Sources */,
				E97DAD8A23CE265100F3E888 /* TransmissionTorrentListViewModel.swift in Sources */,
				E9624D3E23D236130051EA99 /* TransmissionSettingsViewModel.swift in Sources */,
				E9801EF723D37FC200181FFD /* AlertPresenter.swift in Sources */,
				E9A0BD9323D0040300AEC254 /* AddServerViewModel.swift in Sources */,
				E9E9F0F423807044007C6D2D /* TorrentDetailViewModelBase.swift in Sources */,
				E95BB40423CA404C002F0520 /* PreferenceKeys.swift in Sources */,
				E97DAD8C23CE269900F3E888 /* TransmissionTorrentListItemViewModel.swift in Sources */,
				E93F5D6523BA93F200B0FFA4 /* TorrentDetailFileViewModelBase.swift in Sources */,
				E96B007F237A473E0091FA71 /* TorrentState.swift in Sources */,
				E93A3D5B23AC52ED007BBD63 /* PreviewViewContainer.swift in Sources */,
				E951873423C80FC00060636A /* Preferences+Servers.swift in Sources */,
				E96B0065237A43740091FA71 /* AppDelegate.swift in Sources */,
				E9C8258823C57E47003B1D72 /* SortOption.swift in Sources */,
				E96B0067237A43740091FA71 /* SceneDelegate.swift in Sources */,
				E9C8258E23C58509003B1D72 /* DelugeTorrentDetailViewModel.swift in Sources */,
				E94C28A423D14D13006F26D2 /* SettingsCoordinator.swift in Sources */,
				E913FD8A23DFD683008179F1 /* TransmissionKeychainData.swift in Sources */,
				E9B40E9223B3FDA0009E30AE /* TorrentDetailHeaderViewModelBase.swift in Sources */,
				E9746DF323B5B0B000F2EBC6 /* TorrentDetailTrackerTableViewCell.swift in Sources */,
				E9CF492123E3B82000026723 /* PreviewViewModel.swift in Sources */,
				E9F24E0B23CE3B160089E45F /* DelugeSettingsViewModel.swift in Sources */,
				E9C8258423C5787E003B1D72 /* TorrentExt.swift in Sources */,
				E97B543123B51892006FFCC9 /* TorrentDetailSectionHeaderView.swift in Sources */,
				E93F5D6323BA85CC00B0FFA4 /* UIImage+Color.swift in Sources */,
				E9C39AE023CC27A800BB3556 /* TextInputTableViewCellViewModel.swift in Sources */,
				E9B40EA223B4057C009E30AE /* TorrentDetailInfoTableViewCell.swift in Sources */,
				E97750EA23D1686F00264638 /* SettingsSection.swift in Sources */,
				E97233FC23CFF9C300038D30 /* AddServerViewController.swift in Sources */,
				E93F5D6D23BA9BD200B0FFA4 /* TorrentDetailFileTableViewCell.swift in Sources */,
				E94C28A223D14976006F26D2 /* PopoverSource.swift in Sources */,
				E9460D1D237BB3B100A08E68 /* TorrentListViewModelBase.swift in Sources */,
				E9624D4023D2368A0051EA99 /* TransmissionServerSettings.swift in Sources */,
				E96B724F23D39368005E8E89 /* Transmission.swift in Sources */,
				E9C8258623C579E9003B1D72 /* DelugeTorrentListViewModel.swift in Sources */,
				E99FC26823D148CC0019A992 /* TorrentDetailCoordinator.swift in Sources */,
				E99FC26223D1479E0019A992 /* AlertAction.swift in Sources */,
				E9624D4323D23A2B0051EA99 /* ServerSettingsViewModelBase.swift in Sources */,
				E94ACA54237B35E60082B1A6 /* TorrentListItemViewModelBase.swift in Sources */,
				E9F24E0D23CE4E1F0089E45F /* EmptyTorrentListViewModel.swift in Sources */,
				E928F00623AC340B006BD6BD /* TorrentDetailViewController.swift in Sources */,
				E959FA9E23AC3D3C002CB8F8 /* TorrentDetailHeaderTableViewCell.swift in Sources */,
				E9C8258223C5775B003B1D72 /* DelugeTorrentListItemViewModel.swift in Sources */,
				E9282C9123CC1CBD00776CD3 /* TextInputTableViewCell.swift in Sources */,
				E94C28A823D157D4006F26D2 /* AddServerCoordinator.swift in Sources */,
				E95C4D9523E3CD9600202CAA /* Publishers+AsOptional.swift in Sources */,
				E90DC4FA23CEC6A100FB53E6 /* SettingsViewModel.swift in Sources */,
				E95C4D9B23E3DE0000202CAA /* FilterViewController.swift in Sources */,
				E97233F723CFE3FA00038D30 /* ButtonTableViewCell.swift in Sources */,
				E9786AF623D38D5600E4157E /* Deluge.swift in Sources */,
				E99FC25823D13A340019A992 /* TorrentListCoordinator.swift in Sources */,
				E9F24E1223CE55180089E45F /* PreviewPreferences.swift in Sources */,
				E90366E223AAC45600C6AB46 /* NSLayoutConstraint+Priority.swift in Sources */,
			);
			runOnlyForDeploymentPostprocessing = 0;
		};
		E9CC160523AD5CD400EA1B4C /* Sources */ = {
			isa = PBXSourcesBuildPhase;
			buildActionMask = 2147483647;
			files = (
				E9472CAA23DCCE1D00D5CCDD /* MockDelugeRefresher.swift in Sources */,
				E9AE9E5623D695120018D180 /* DelugeTorrentTests.swift in Sources */,
				E9DF151423D4085500FB9F4D /* DelugeTorrentListItemViewModelTests.swift in Sources */,
				E9F4002423DE92490016B9C3 /* DelugeTorrentDetailHeaderViewModelTests.swift in Sources */,
				E98D935F23D2474B0013A1E1 /* MockPreferences.swift in Sources */,
				E9E411B523D932EE00A7EFED /* DelugeTorrentDetailViewModelTests.swift in Sources */,
				E9B3457523C82992001F14BD /* ServerPreferencesTests.swift in Sources */,
				E9E411B723D933AD00A7EFED /* DelugeTorrentListViewModelTests.swift in Sources */,
				E9091D3823E2698B0034C353 /* DelugeSettingsViewModelTests.swift in Sources */,
				E9AE9E5823D695BD0018D180 /* Deluge+Mocks.swift in Sources */,
				E95127FC23D7F3C7000EF582 /* MockDelugeClient.swift in Sources */,
				E9091D3423E25F580034C353 /* SettingsViewModelTests.swift in Sources */,
				E9801EF223D37E1400181FFD /* TorrentSortTests.swift in Sources */,
				E9624D2D23D204AA0051EA99 /* DefaultSessionTests.swift in Sources */,
				E9091D3623E268310034C353 /* AddServerViewModelTests.swift in Sources */,
			);
			runOnlyForDeploymentPostprocessing = 0;
		};
/* End PBXSourcesBuildPhase section */

/* Begin PBXTargetDependency section */
		E9CC160F23AD5CD400EA1B4C /* PBXTargetDependency */ = {
			isa = PBXTargetDependency;
			target = E96B0060237A43740091FA71 /* Magnesium */;
			targetProxy = E9CC160E23AD5CD400EA1B4C /* PBXContainerItemProxy */;
		};
/* End PBXTargetDependency section */

/* Begin PBXVariantGroup section */
		E96B006F237A43760091FA71 /* LaunchScreen.storyboard */ = {
			isa = PBXVariantGroup;
			children = (
				E96B0070237A43760091FA71 /* Base */,
			);
			name = LaunchScreen.storyboard;
			sourceTree = "<group>";
		};
/* End PBXVariantGroup section */

/* Begin XCBuildConfiguration section */
		E96B0073237A43760091FA71 /* Debug */ = {
			isa = XCBuildConfiguration;
			buildSettings = {
				ALWAYS_SEARCH_USER_PATHS = NO;
				CLANG_ANALYZER_NONNULL = YES;
				CLANG_ANALYZER_NUMBER_OBJECT_CONVERSION = YES_AGGRESSIVE;
				CLANG_CXX_LANGUAGE_STANDARD = "gnu++14";
				CLANG_CXX_LIBRARY = "libc++";
				CLANG_ENABLE_MODULES = YES;
				CLANG_ENABLE_OBJC_ARC = YES;
				CLANG_ENABLE_OBJC_WEAK = YES;
				CLANG_WARN_BLOCK_CAPTURE_AUTORELEASING = YES;
				CLANG_WARN_BOOL_CONVERSION = YES;
				CLANG_WARN_COMMA = YES;
				CLANG_WARN_CONSTANT_CONVERSION = YES;
				CLANG_WARN_DEPRECATED_OBJC_IMPLEMENTATIONS = YES;
				CLANG_WARN_DIRECT_OBJC_ISA_USAGE = YES_ERROR;
				CLANG_WARN_DOCUMENTATION_COMMENTS = YES;
				CLANG_WARN_EMPTY_BODY = YES;
				CLANG_WARN_ENUM_CONVERSION = YES;
				CLANG_WARN_INFINITE_RECURSION = YES;
				CLANG_WARN_INT_CONVERSION = YES;
				CLANG_WARN_NON_LITERAL_NULL_CONVERSION = YES;
				CLANG_WARN_OBJC_IMPLICIT_RETAIN_SELF = YES;
				CLANG_WARN_OBJC_LITERAL_CONVERSION = YES;
				CLANG_WARN_OBJC_ROOT_CLASS = YES_ERROR;
				CLANG_WARN_RANGE_LOOP_ANALYSIS = YES;
				CLANG_WARN_STRICT_PROTOTYPES = YES;
				CLANG_WARN_SUSPICIOUS_MOVE = YES;
				CLANG_WARN_UNGUARDED_AVAILABILITY = YES_AGGRESSIVE;
				CLANG_WARN_UNREACHABLE_CODE = YES;
				CLANG_WARN__DUPLICATE_METHOD_MATCH = YES;
				COPY_PHASE_STRIP = NO;
				DEBUG_INFORMATION_FORMAT = dwarf;
				ENABLE_STRICT_OBJC_MSGSEND = YES;
				ENABLE_TESTABILITY = YES;
				GCC_C_LANGUAGE_STANDARD = gnu11;
				GCC_DYNAMIC_NO_PIC = NO;
				GCC_NO_COMMON_BLOCKS = YES;
				GCC_OPTIMIZATION_LEVEL = 0;
				GCC_PREPROCESSOR_DEFINITIONS = (
					"DEBUG=1",
					"$(inherited)",
				);
				GCC_WARN_64_TO_32_BIT_CONVERSION = YES;
				GCC_WARN_ABOUT_RETURN_TYPE = YES_ERROR;
				GCC_WARN_UNDECLARED_SELECTOR = YES;
				GCC_WARN_UNINITIALIZED_AUTOS = YES_AGGRESSIVE;
				GCC_WARN_UNUSED_FUNCTION = YES;
				GCC_WARN_UNUSED_VARIABLE = YES;
				IPHONEOS_DEPLOYMENT_TARGET = 13.0;
				MTL_ENABLE_DEBUG_INFO = INCLUDE_SOURCE;
				MTL_FAST_MATH = YES;
				ONLY_ACTIVE_ARCH = YES;
				SDKROOT = iphoneos;
				SWIFT_ACTIVE_COMPILATION_CONDITIONS = DEBUG;
				SWIFT_OPTIMIZATION_LEVEL = "-Onone";
			};
			name = Debug;
		};
		E96B0074237A43760091FA71 /* Release */ = {
			isa = XCBuildConfiguration;
			buildSettings = {
				ALWAYS_SEARCH_USER_PATHS = NO;
				CLANG_ANALYZER_NONNULL = YES;
				CLANG_ANALYZER_NUMBER_OBJECT_CONVERSION = YES_AGGRESSIVE;
				CLANG_CXX_LANGUAGE_STANDARD = "gnu++14";
				CLANG_CXX_LIBRARY = "libc++";
				CLANG_ENABLE_MODULES = YES;
				CLANG_ENABLE_OBJC_ARC = YES;
				CLANG_ENABLE_OBJC_WEAK = YES;
				CLANG_WARN_BLOCK_CAPTURE_AUTORELEASING = YES;
				CLANG_WARN_BOOL_CONVERSION = YES;
				CLANG_WARN_COMMA = YES;
				CLANG_WARN_CONSTANT_CONVERSION = YES;
				CLANG_WARN_DEPRECATED_OBJC_IMPLEMENTATIONS = YES;
				CLANG_WARN_DIRECT_OBJC_ISA_USAGE = YES_ERROR;
				CLANG_WARN_DOCUMENTATION_COMMENTS = YES;
				CLANG_WARN_EMPTY_BODY = YES;
				CLANG_WARN_ENUM_CONVERSION = YES;
				CLANG_WARN_INFINITE_RECURSION = YES;
				CLANG_WARN_INT_CONVERSION = YES;
				CLANG_WARN_NON_LITERAL_NULL_CONVERSION = YES;
				CLANG_WARN_OBJC_IMPLICIT_RETAIN_SELF = YES;
				CLANG_WARN_OBJC_LITERAL_CONVERSION = YES;
				CLANG_WARN_OBJC_ROOT_CLASS = YES_ERROR;
				CLANG_WARN_RANGE_LOOP_ANALYSIS = YES;
				CLANG_WARN_STRICT_PROTOTYPES = YES;
				CLANG_WARN_SUSPICIOUS_MOVE = YES;
				CLANG_WARN_UNGUARDED_AVAILABILITY = YES_AGGRESSIVE;
				CLANG_WARN_UNREACHABLE_CODE = YES;
				CLANG_WARN__DUPLICATE_METHOD_MATCH = YES;
				COPY_PHASE_STRIP = NO;
				DEBUG_INFORMATION_FORMAT = "dwarf-with-dsym";
				ENABLE_NS_ASSERTIONS = NO;
				ENABLE_STRICT_OBJC_MSGSEND = YES;
				GCC_C_LANGUAGE_STANDARD = gnu11;
				GCC_NO_COMMON_BLOCKS = YES;
				GCC_WARN_64_TO_32_BIT_CONVERSION = YES;
				GCC_WARN_ABOUT_RETURN_TYPE = YES_ERROR;
				GCC_WARN_UNDECLARED_SELECTOR = YES;
				GCC_WARN_UNINITIALIZED_AUTOS = YES_AGGRESSIVE;
				GCC_WARN_UNUSED_FUNCTION = YES;
				GCC_WARN_UNUSED_VARIABLE = YES;
				IPHONEOS_DEPLOYMENT_TARGET = 13.0;
				MTL_ENABLE_DEBUG_INFO = NO;
				MTL_FAST_MATH = YES;
				SDKROOT = iphoneos;
				SWIFT_COMPILATION_MODE = wholemodule;
				SWIFT_OPTIMIZATION_LEVEL = "-O";
				VALIDATE_PRODUCT = YES;
			};
			name = Release;
		};
		E96B0076237A43760091FA71 /* Debug */ = {
			isa = XCBuildConfiguration;
			buildSettings = {
				ASSETCATALOG_COMPILER_APPICON_NAME = AppIcon;
				CODE_SIGN_STYLE = Automatic;
				DEVELOPMENT_TEAM = 3RLT5NMM8V;
				ENABLE_PREVIEWS = YES;
				INFOPLIST_FILE = Magnesium/Resources/Info.plist;
				LD_RUNPATH_SEARCH_PATHS = (
					"$(inherited)",
					"@executable_path/Frameworks",
				);
				PRODUCT_BUNDLE_IDENTIFIER = ca.jameshurst.Magnesium2;
				PRODUCT_NAME = "$(TARGET_NAME)";
				SWIFT_VERSION = 5.0;
				TARGETED_DEVICE_FAMILY = "1,2";
			};
			name = Debug;
		};
		E96B0077237A43760091FA71 /* Release */ = {
			isa = XCBuildConfiguration;
			buildSettings = {
				ASSETCATALOG_COMPILER_APPICON_NAME = AppIcon;
				CODE_SIGN_STYLE = Automatic;
				DEVELOPMENT_TEAM = 3RLT5NMM8V;
				ENABLE_PREVIEWS = YES;
				INFOPLIST_FILE = Magnesium/Resources/Info.plist;
				LD_RUNPATH_SEARCH_PATHS = (
					"$(inherited)",
					"@executable_path/Frameworks",
				);
				PRODUCT_BUNDLE_IDENTIFIER = ca.jameshurst.Magnesium2;
				PRODUCT_NAME = "$(TARGET_NAME)";
				SWIFT_VERSION = 5.0;
				TARGETED_DEVICE_FAMILY = "1,2";
			};
			name = Release;
		};
		E9CC161023AD5CD400EA1B4C /* Debug */ = {
			isa = XCBuildConfiguration;
			buildSettings = {
				BUNDLE_LOADER = "$(TEST_HOST)";
				CODE_SIGN_STYLE = Automatic;
				DEVELOPMENT_TEAM = 3RLT5NMM8V;
				INFOPLIST_FILE = MagnesiumTests/Info.plist;
				LD_RUNPATH_SEARCH_PATHS = (
					"$(inherited)",
					"@executable_path/Frameworks",
					"@loader_path/Frameworks",
				);
				PRODUCT_BUNDLE_IDENTIFIER = ca.jameshurst.MagnesiumTests;
				PRODUCT_NAME = "$(TARGET_NAME)";
				SWIFT_VERSION = 5.0;
				TARGETED_DEVICE_FAMILY = "1,2";
				TEST_HOST = "$(BUILT_PRODUCTS_DIR)/Magnesium.app/Magnesium";
			};
			name = Debug;
		};
		E9CC161123AD5CD400EA1B4C /* Release */ = {
			isa = XCBuildConfiguration;
			buildSettings = {
				BUNDLE_LOADER = "$(TEST_HOST)";
				CODE_SIGN_STYLE = Automatic;
				DEVELOPMENT_TEAM = 3RLT5NMM8V;
				INFOPLIST_FILE = MagnesiumTests/Info.plist;
				LD_RUNPATH_SEARCH_PATHS = (
					"$(inherited)",
					"@executable_path/Frameworks",
					"@loader_path/Frameworks",
				);
				PRODUCT_BUNDLE_IDENTIFIER = ca.jameshurst.MagnesiumTests;
				PRODUCT_NAME = "$(TARGET_NAME)";
				SWIFT_VERSION = 5.0;
				TARGETED_DEVICE_FAMILY = "1,2";
				TEST_HOST = "$(BUILT_PRODUCTS_DIR)/Magnesium.app/Magnesium";
			};
			name = Release;
		};
/* End XCBuildConfiguration section */

/* Begin XCConfigurationList section */
		E96B005C237A43740091FA71 /* Build configuration list for PBXProject "Magnesium" */ = {
			isa = XCConfigurationList;
			buildConfigurations = (
				E96B0073237A43760091FA71 /* Debug */,
				E96B0074237A43760091FA71 /* Release */,
			);
			defaultConfigurationIsVisible = 0;
			defaultConfigurationName = Release;
		};
		E96B0075237A43760091FA71 /* Build configuration list for PBXNativeTarget "Magnesium" */ = {
			isa = XCConfigurationList;
			buildConfigurations = (
				E96B0076237A43760091FA71 /* Debug */,
				E96B0077237A43760091FA71 /* Release */,
			);
			defaultConfigurationIsVisible = 0;
			defaultConfigurationName = Release;
		};
		E9CC161223AD5CD400EA1B4C /* Build configuration list for PBXNativeTarget "MagnesiumTests" */ = {
			isa = XCConfigurationList;
			buildConfigurations = (
				E9CC161023AD5CD400EA1B4C /* Debug */,
				E9CC161123AD5CD400EA1B4C /* Release */,
			);
			defaultConfigurationIsVisible = 0;
			defaultConfigurationName = Release;
		};
/* End XCConfigurationList section */

/* Begin XCSwiftPackageProductDependency section */
		E9282C8823CC170900776CD3 /* Preferences */ = {
			isa = XCSwiftPackageProductDependency;
			productName = Preferences;
		};
		E96B725023D3937B005E8E89 /* Transmission */ = {
			isa = XCSwiftPackageProductDependency;
			productName = Transmission;
		};
		E9786AF723D38E6200E4157E /* Deluge */ = {
			isa = XCSwiftPackageProductDependency;
			productName = Deluge;
		};
		E9CA717D23E28CCF0072522B /* MVVM */ = {
			isa = XCSwiftPackageProductDependency;
			productName = MVVM;
		};
/* End XCSwiftPackageProductDependency section */
	};
	rootObject = E96B0059237A43740091FA71 /* Project object */;
}
